[root]
name = "lisp"
version = "0.1.0"
dependencies = [
 "collection_traits 0.1.0 (git+https://github.com/nathanfaucett/rs-collection_traits.git)",
 "hash_map 0.1.0 (git+https://github.com/nathanfaucett/rs-hash_map.git)",
 "impl_any 0.1.0 (git+https://github.com/nathanfaucett/rs-impl_any.git)",
 "lexer 0.1.0 (git+https://github.com/nathanfaucett/rs-lexer.git)",
 "linked_list 0.1.0 (git+https://github.com/nathanfaucett/rs-linked_list.git)",
 "vector 0.1.0 (git+https://github.com/nathanfaucett/rs-vector.git)",
]

[[package]]
name = "collection_traits"
version = "0.1.0"
source = "git+https://github.com/nathanfaucett/rs-collection_traits.git#e29b61b46e8fb805aa20df333acbe9036f3f7fa3"

[[package]]
name = "hash_map"
version = "0.1.0"
source = "git+https://github.com/nathanfaucett/rs-hash_map.git#10da8aefb20bc1af4e971abf0e5f57d20d8081a4"
dependencies = [
 "collection_traits 0.1.0 (git+https://github.com/nathanfaucett/rs-collection_traits.git)",
 "prng 0.1.0 (git+https://github.com/nathanfaucett/rs-prng)",
 "rng 0.1.0 (git+https://github.com/nathanfaucett/rs-rng)",
]

[[package]]
name = "impl_any"
version = "0.1.0"
source = "git+https://github.com/nathanfaucett/rs-impl_any.git#e1243b8f42fdc09b4b584fd04ec5f1a1b01493c8"

[[package]]
name = "lexer"
version = "0.1.0"
source = "git+https://github.com/nathanfaucett/rs-lexer.git#9f832a66ffe14fd3aeb0c4c2170b3b773f20eb01"

[[package]]
name = "linked_list"
version = "0.1.0"
source = "git+https://github.com/nathanfaucett/rs-linked_list.git#b5e1aef9d7b4641d3f03afc575858ffbd354910b"
dependencies = [
 "collection_traits 0.1.0 (git+https://github.com/nathanfaucett/rs-collection_traits.git)",
]

[[package]]
name = "prng"
version = "0.1.0"
source = "git+https://github.com/nathanfaucett/rs-prng#1e4d90224cd211818c85dea2ad477b36c22cb81e"
dependencies = [
 "rng 0.1.0 (git+https://github.com/nathanfaucett/rs-rng)",
]

[[package]]
name = "rng"
version = "0.1.0"
source = "git+https://github.com/nathanfaucett/rs-rng#1b0519dd3478aadd430003aef670633c8812e34a"

[[package]]
name = "vector"
version = "0.1.0"
source = "git+https://github.com/nathanfaucett/rs-vector.git#5890b0f31ad8256b02652e80e865efe98ddf3185"
dependencies = [
 "collection_traits 0.1.0 (git+https://github.com/nathanfaucett/rs-collection_traits.git)",
]

[metadata]
"checksum collection_traits 0.1.0 (git+https://github.com/nathanfaucett/rs-collection_traits.git)" = "<none>"
"checksum hash_map 0.1.0 (git+https://github.com/nathanfaucett/rs-hash_map.git)" = "<none>"
"checksum impl_any 0.1.0 (git+https://github.com/nathanfaucett/rs-impl_any.git)" = "<none>"
"checksum lexer 0.1.0 (git+https://github.com/nathanfaucett/rs-lexer.git)" = "<none>"
"checksum linked_list 0.1.0 (git+https://github.com/nathanfaucett/rs-linked_list.git)" = "<none>"
"checksum prng 0.1.0 (git+https://github.com/nathanfaucett/rs-prng)" = "<none>"
"checksum rng 0.1.0 (git+https://github.com/nathanfaucett/rs-rng)" = "<none>"
"checksum vector 0.1.0 (git+https://github.com/nathanfaucett/rs-vector.git)" = "<none>"
